<?xml version="1.0" encoding="utf-8"?>
<Project ToolsVersion="4.0" xmlns="http://schemas.microsoft.com/developer/msbuild/2003">
  <ItemGroup>
    <Filter Include="源文件">
      <UniqueIdentifier>{4FC737F1-C7A5-4376-A066-2A32D752A2FF}</UniqueIdentifier>
      <Extensions>cpp;c;cc;cxx;c++;cppm;ixx;def;odl;idl;hpj;bat;asm;asmx</Extensions>
    </Filter>
    <Filter Include="头文件">
      <UniqueIdentifier>{93995380-89BD-4b04-88EB-625FBE52EBFB}</UniqueIdentifier>
      <Extensions>h;hh;hpp;hxx;h++;hm;inl;inc;ipp;xsd</Extensions>
    </Filter>
    <Filter Include="资源文件">
      <UniqueIdentifier>{67DA6AB6-F800-4c08-8B7A-83BB121AAD01}</UniqueIdentifier>
      <Extensions>rc;ico;cur;bmp;dlg;rc2;rct;bin;rgs;gif;jpg;jpeg;jpe;resx;tiff;tif;png;wav;mfcribbon-ms</Extensions>
    </Filter>
    <Filter Include="头文件\ecs">
      <UniqueIdentifier>{888a9ce5-80a7-4510-bea8-ba68cdb6fe77}</UniqueIdentifier>
    </Filter>
    <Filter Include="头文件\core">
      <UniqueIdentifier>{913ed945-975e-40e6-a9ba-8b7910ba4de4}</UniqueIdentifier>
    </Filter>
    <Filter Include="头文件\math">
      <UniqueIdentifier>{5154bcdb-2317-46d6-a986-7d0b05f26cf1}</UniqueIdentifier>
    </Filter>
    <Filter Include="头文件\template">
      <UniqueIdentifier>{4d6895f0-5f78-4f1a-aa4f-07ca58cfe4a0}</UniqueIdentifier>
    </Filter>
  </ItemGroup>
  <ItemGroup>
    <ClCompile Include="ECS_Test.cpp">
      <Filter>源文件</Filter>
    </ClCompile>
    <ClCompile Include="pch.cpp">
      <Filter>源文件</Filter>
    </ClCompile>
  </ItemGroup>
  <ItemGroup>
    <ClInclude Include="Archtype.h">
      <Filter>头文件\ecs</Filter>
    </ClInclude>
    <ClInclude Include="ArchtypeArray.h">
      <Filter>头文件\ecs</Filter>
    </ClInclude>
    <ClInclude Include="Chunk.h">
      <Filter>头文件\ecs</Filter>
    </ClInclude>
    <ClInclude Include="Entity.h">
      <Filter>头文件\ecs</Filter>
    </ClInclude>
    <ClInclude Include="EntityManager.h">
      <Filter>头文件\ecs</Filter>
    </ClInclude>
    <ClInclude Include="ICompomemt.h">
      <Filter>头文件\ecs</Filter>
    </ClInclude>
    <ClInclude Include="ISystem.h">
      <Filter>头文件\ecs</Filter>
    </ClInclude>
    <ClInclude Include="Lib.h">
      <Filter>头文件\ecs</Filter>
    </ClInclude>
    <ClInclude Include="Query.h">
      <Filter>头文件\ecs</Filter>
    </ClInclude>
    <ClInclude Include="Reflection.h">
      <Filter>头文件\ecs</Filter>
    </ClInclude>
    <ClInclude Include="World.h">
      <Filter>头文件\ecs</Filter>
    </ClInclude>
    <ClInclude Include="CoreComponent.h">
      <Filter>头文件\core</Filter>
    </ClInclude>
    <ClInclude Include="Math.h">
      <Filter>头文件\math</Filter>
    </ClInclude>
    <ClInclude Include="Vector.h">
      <Filter>头文件\math</Filter>
    </ClInclude>
    <ClInclude Include="Utils.h">
      <Filter>头文件\template</Filter>
    </ClInclude>
    <ClInclude Include="type_list.h">
      <Filter>头文件\template</Filter>
    </ClInclude>
    <ClInclude Include="function_traits.h">
      <Filter>头文件\template</Filter>
    </ClInclude>
    <ClInclude Include="type_indexed_array.h">
      <Filter>头文件\template</Filter>
    </ClInclude>
    <ClInclude Include="QueryBuilder.h">
      <Filter>头文件\ecs</Filter>
    </ClInclude>
    <ClInclude Include="pch.h">
      <Filter>头文件</Filter>
    </ClInclude>
  </ItemGroup>
</Project>